
Microsoft Visual Studio Solution File, Format Version 12.00
# Visual Studio Version 16
VisualStudioVersion = 16.0.30907.101
MinimumVisualStudioVersion = 10.0.40219.1
Project("{FAE04EC0-301F-11D3-BF4B-00C04F79EFBC}") = "Entities", "Entities\Entities.csproj", "{CDE20D2D-E89A-4E16-A8B6-9641C7D9B3D3}"
EndProject
Project("{FAE04EC0-301F-11D3-BF4B-00C04F79EFBC}") = "DataAccess", "DataAccess\DataAccess.csproj", "{16255422-AB7B-43D5-B1F3-B3CF2FDFE499}"
EndProject
Project("{FAE04EC0-301F-11D3-BF4B-00C04F79EFBC}") = "Business", "Business\Business.csproj", "{77F047CA-5559-4805-B460-BD77AC9C3DC4}"
EndProject
Project("{FAE04EC0-301F-11D3-BF4B-00C04F79EFBC}") = "MvcWebUI", "MvcWebUI\MvcWebUI.csproj", "{E9FC4026-B7C7-48EE-987F-65996A3C80DB}"
EndProject
Project("{FAE04EC0-301F-11D3-BF4B-00C04F79EFBC}") = "WebAPI", "WebAPI\WebAPI.csproj", "{7E9DD386-7234-479D-AC4F-83238DBBAE6B}"
EndProject
Project("{FAE04EC0-301F-11D3-BF4B-00C04F79EFBC}") = "Core", "Core\Core.csproj", "{DB4CEEFA-74F0-4DC5-873A-C0E2200A491F}"
EndProject
Global
	GlobalSection(SolutionConfigurationPlatforms) = preSolution
		Debug|Any CPU = Debug|Any CPU
		Release|Any CPU = Release|Any CPU
	EndGlobalSection
	GlobalSection(ProjectConfigurationPlatforms) = postSolution
		{CDE20D2D-E89A-4E16-A8B6-9641C7D9B3D3}.Debug|Any CPU.ActiveCfg = Debug|Any CPU
		{CDE20D2D-E89A-4E16-A8B6-9641C7D9B3D3}.Debug|Any CPU.Build.0 = Debug|Any CPU
		{CDE20D2D-E89A-4E16-A8B6-9641C7D9B3D3}.Release|Any CPU.ActiveCfg = Release|Any CPU
		{CDE20D2D-E89A-4E16-A8B6-9641C7D9B3D3}.Release|Any CPU.Build.0 = Release|Any CPU
		{16255422-AB7B-43D5-B1F3-B3CF2FDFE499}.Debug|Any CPU.ActiveCfg = Debug|Any CPU
		{16255422-AB7B-43D5-B1F3-B3CF2FDFE499}.Debug|Any CPU.Build.0 = Debug|Any CPU
		{16255422-AB7B-43D5-B1F3-B3CF2FDFE499}.Release|Any CPU.ActiveCfg = Release|Any CPU
		{16255422-AB7B-43D5-B1F3-B3CF2FDFE499}.Release|Any CPU.Build.0 = Release|Any CPU
		{77F047CA-5559-4805-B460-BD77AC9C3DC4}.Debug|Any CPU.ActiveCfg = Debug|Any CPU
		{77F047CA-5559-4805-B460-BD77AC9C3DC4}.Debug|Any CPU.Build.0 = Debug|Any CPU
		{77F047CA-5559-4805-B460-BD77AC9C3DC4}.Release|Any CPU.ActiveCfg = Release|Any CPU
		{77F047CA-5559-4805-B460-BD77AC9C3DC4}.Release|Any CPU.Build.0 = Release|Any CPU
		{E9FC4026-B7C7-48EE-987F-65996A3C80DB}.Debug|Any CPU.ActiveCfg = Debug|Any CPU
		{E9FC4026-B7C7-48EE-987F-65996A3C80DB}.Debug|Any CPU.Build.0 = Debug|Any CPU
		{E9FC4026-B7C7-48EE-987F-65996A3C80DB}.Release|Any CPU.ActiveCfg = Release|Any CPU
		{E9FC4026-B7C7-48EE-987F-65996A3C80DB}.Release|Any CPU.Build.0 = Release|Any CPU
		{7E9DD386-7234-479D-AC4F-83238DBBAE6B}.Debug|Any CPU.ActiveCfg = Debug|Any CPU
		{7E9DD386-7234-479D-AC4F-83238DBBAE6B}.Debug|Any CPU.Build.0 = Debug|Any CPU
		{7E9DD386-7234-479D-AC4F-83238DBBAE6B}.Release|Any CPU.ActiveCfg = Release|Any CPU
		{7E9DD386-7234-479D-AC4F-83238DBBAE6B}.Release|Any CPU.Build.0 = Release|Any CPU
		{DB4CEEFA-74F0-4DC5-873A-C0E2200A491F}.Debug|Any CPU.ActiveCfg = Debug|Any CPU
		{DB4CEEFA-74F0-4DC5-873A-C0E2200A491F}.Debug|Any CPU.Build.0 = Debug|Any CPU
		{DB4CEEFA-74F0-4DC5-873A-C0E2200A491F}.Release|Any CPU.ActiveCfg = Release|Any CPU
		{DB4CEEFA-74F0-4DC5-873A-C0E2200A491F}.Release|Any CPU.Build.0 = Release|Any CPU
	EndGlobalSection
	GlobalSection(SolutionProperties) = preSolution
		HideSolutionNode = FALSE
	EndGlobalSection
	GlobalSection(ExtensibilityGlobals) = postSolution
		SolutionGuid = {862FF91E-7225-49D7-926F-4BC6F4D725FF}
	EndGlobalSection
EndGlobal
